
Microsoft Visual Studio Solution File, Format Version 12.00
# Visual Studio 15
VisualStudioVersion = 15.0.27130.2026
MinimumVisualStudioVersion = 10.0.40219.1
Project("{FAE04EC0-301F-11D3-BF4B-00C04F79EFBC}") = "DotNetLib.Controls", "DotNetLib.Controls\DotNetLib.Controls.csproj", "{AA5B9A0F-714B-4E1D-AD42-CF37828D9820}"
EndProject
Global
	GlobalSection(SolutionConfigurationPlatforms) = preSolution
		Debug|Any CPU = Debug|Any CPU
		Release|Any CPU = Release|Any CPU
	EndGlobalSection
	GlobalSection(ProjectConfigurationPlatforms) = postSolution
		{AA5B9A0F-714B-4E1D-AD42-CF37828D9820}.Debug|Any CPU.ActiveCfg = Debug|Any CPU
		{AA5B9A0F-714B-4E1D-AD42-CF37828D9820}.Debug|Any CPU.Build.0 = Debug|Any CPU
		{AA5B9A0F-714B-4E1D-AD42-CF37828D9820}.Release|Any CPU.ActiveCfg = Release|Any CPU
		{AA5B9A0F-714B-4E1D-AD42-CF37828D9820}.Release|Any CPU.Build.0 = Release|Any CPU
	EndGlobalSection
	GlobalSection(SolutionProperties) = preSolution
		HideSolutionNode = FALSE
	EndGlobalSection
	GlobalSection(ExtensibilityGlobals) = postSolution
		SolutionGuid = {226D9FFB-A7EB-4C42-B576-81CD7A5C6A53}
	EndGlobalSection
EndGlobal
